
Microsoft Visual Studio Solution File, Format Version 12.00
# Visual Studio Version 17
VisualStudioVersion = 17.7.34018.315
MinimumVisualStudioVersion = 10.0.40219.1
Project("{2150E333-8FDC-42A3-9474-1A3956D46DE8}") = "src", "src", "{827E0CD3-B72D-47B6-A68D-7590B98EB39B}"
EndProject
Project("{FAE04EC0-301F-11D3-BF4B-00C04F79EFBC}") = "GourmetClient.Core", "src\GourmetClient.Core\GourmetClient.Core.csproj", "{E7518DA6-C2F6-446C-8D1B-9F390CBA3335}"
EndProject
Project("{9A19103F-16F7-4668-BE54-9A1E7A4F7556}") = "GourmetClient.MVU", "src\GourmetClient.MVU\GourmetClient.MVU.csproj", "{A1B2C3D4-E5F6-7890-ABCD-EF1234567890}"
EndProject
Project("{FAE04EC0-301F-11D3-BF4B-00C04F79EFBC}") = "GourmetClient.iOS", "src\GourmetClient.iOS\GourmetClient.iOS.csproj", "{8448EFB8-74BD-465A-82F1-D19B7BAC9EC0}"
EndProject
Project("{FAE04EC0-301F-11D3-BF4B-00C04F79EFBC}") = "GourmetClient.Desktop", "src\GourmetClient.Desktop\GourmetClient.Desktop.csproj", "{FE9AB250-E180-46B6-8695-E468139E8651}"
EndProject
Project("{FAE04EC0-301F-11D3-BF4B-00C04F79EFBC}") = "GC.Views", "src\GC.Views\GC.Views.csproj", "{946341E1-C2C5-4BC9-94F8-F5AF97F5E37F}"
EndProject
Project("{FAE04EC0-301F-11D3-BF4B-00C04F79EFBC}") = "GC.Desktop", "src\GC.Desktop\GC.Desktop.csproj", "{32205AFA-7448-4A30-B6C3-A9B0A93A931B}"
EndProject
Project("{FAE04EC0-301F-11D3-BF4B-00C04F79EFBC}") = "GC.iOS", "src\GC.iOS\GC.iOS.csproj", "{84B6C3BD-0FD9-433E-9342-F53811AA3612}"
EndProject
Project("{FAE04EC0-301F-11D3-BF4B-00C04F79EFBC}") = "GC.ViewModels", "src\GC.ViewModels\GC.ViewModels.csproj", "{A5B6C7D8-E9F0-1234-5678-9ABCDEF01234}"
EndProject
Global
	GlobalSection(SolutionConfigurationPlatforms) = preSolution
		Debug|Any CPU = Debug|Any CPU
		Debug|x64 = Debug|x64
		Debug|x86 = Debug|x86
		Release|Any CPU = Release|Any CPU
		Release|x64 = Release|x64
		Release|x86 = Release|x86
	EndGlobalSection
	GlobalSection(ProjectConfigurationPlatforms) = postSolution
		{E7518DA6-C2F6-446C-8D1B-9F390CBA3335}.Debug|Any CPU.ActiveCfg = Debug|Any CPU
		{E7518DA6-C2F6-446C-8D1B-9F390CBA3335}.Debug|Any CPU.Build.0 = Debug|Any CPU
		{E7518DA6-C2F6-446C-8D1B-9F390CBA3335}.Debug|x64.ActiveCfg = Debug|Any CPU
		{E7518DA6-C2F6-446C-8D1B-9F390CBA3335}.Debug|x64.Build.0 = Debug|Any CPU
		{E7518DA6-C2F6-446C-8D1B-9F390CBA3335}.Debug|x86.ActiveCfg = Debug|Any CPU
		{E7518DA6-C2F6-446C-8D1B-9F390CBA3335}.Debug|x86.Build.0 = Debug|Any CPU
		{E7518DA6-C2F6-446C-8D1B-9F390CBA3335}.Release|Any CPU.ActiveCfg = Release|Any CPU
		{E7518DA6-C2F6-446C-8D1B-9F390CBA3335}.Release|Any CPU.Build.0 = Release|Any CPU
		{E7518DA6-C2F6-446C-8D1B-9F390CBA3335}.Release|x64.ActiveCfg = Release|Any CPU
		{E7518DA6-C2F6-446C-8D1B-9F390CBA3335}.Release|x64.Build.0 = Release|Any CPU
		{E7518DA6-C2F6-446C-8D1B-9F390CBA3335}.Release|x86.ActiveCfg = Release|Any CPU
		{E7518DA6-C2F6-446C-8D1B-9F390CBA3335}.Release|x86.Build.0 = Release|Any CPU
		{A1B2C3D4-E5F6-7890-ABCD-EF1234567890}.Debug|Any CPU.ActiveCfg = Debug|Any CPU
		{A1B2C3D4-E5F6-7890-ABCD-EF1234567890}.Debug|Any CPU.Build.0 = Debug|Any CPU
		{A1B2C3D4-E5F6-7890-ABCD-EF1234567890}.Debug|x64.ActiveCfg = Debug|Any CPU
		{A1B2C3D4-E5F6-7890-ABCD-EF1234567890}.Debug|x64.Build.0 = Debug|Any CPU
		{A1B2C3D4-E5F6-7890-ABCD-EF1234567890}.Debug|x86.ActiveCfg = Debug|Any CPU
		{A1B2C3D4-E5F6-7890-ABCD-EF1234567890}.Debug|x86.Build.0 = Debug|Any CPU
		{A1B2C3D4-E5F6-7890-ABCD-EF1234567890}.Release|Any CPU.ActiveCfg = Release|Any CPU
		{A1B2C3D4-E5F6-7890-ABCD-EF1234567890}.Release|Any CPU.Build.0 = Release|Any CPU
		{A1B2C3D4-E5F6-7890-ABCD-EF1234567890}.Release|x64.ActiveCfg = Release|Any CPU
		{A1B2C3D4-E5F6-7890-ABCD-EF1234567890}.Release|x64.Build.0 = Release|Any CPU
		{A1B2C3D4-E5F6-7890-ABCD-EF1234567890}.Release|x86.ActiveCfg = Release|Any CPU
		{A1B2C3D4-E5F6-7890-ABCD-EF1234567890}.Release|x86.Build.0 = Release|Any CPU
		{8448EFB8-74BD-465A-82F1-D19B7BAC9EC0}.Debug|Any CPU.ActiveCfg = Debug|Any CPU
		{8448EFB8-74BD-465A-82F1-D19B7BAC9EC0}.Debug|Any CPU.Build.0 = Debug|Any CPU
		{8448EFB8-74BD-465A-82F1-D19B7BAC9EC0}.Debug|x64.ActiveCfg = Debug|Any CPU
		{8448EFB8-74BD-465A-82F1-D19B7BAC9EC0}.Debug|x64.Build.0 = Debug|Any CPU
		{8448EFB8-74BD-465A-82F1-D19B7BAC9EC0}.Debug|x86.ActiveCfg = Debug|Any CPU
		{8448EFB8-74BD-465A-82F1-D19B7BAC9EC0}.Debug|x86.Build.0 = Debug|Any CPU
		{8448EFB8-74BD-465A-82F1-D19B7BAC9EC0}.Release|Any CPU.ActiveCfg = Release|Any CPU
		{8448EFB8-74BD-465A-82F1-D19B7BAC9EC0}.Release|Any CPU.Build.0 = Release|Any CPU
		{8448EFB8-74BD-465A-82F1-D19B7BAC9EC0}.Release|x64.ActiveCfg = Release|Any CPU
		{8448EFB8-74BD-465A-82F1-D19B7BAC9EC0}.Release|x64.Build.0 = Release|Any CPU
		{8448EFB8-74BD-465A-82F1-D19B7BAC9EC0}.Release|x86.ActiveCfg = Release|Any CPU
		{8448EFB8-74BD-465A-82F1-D19B7BAC9EC0}.Release|x86.Build.0 = Release|Any CPU
		{FE9AB250-E180-46B6-8695-E468139E8651}.Debug|Any CPU.ActiveCfg = Debug|Any CPU
		{FE9AB250-E180-46B6-8695-E468139E8651}.Debug|Any CPU.Build.0 = Debug|Any CPU
		{FE9AB250-E180-46B6-8695-E468139E8651}.Debug|x64.ActiveCfg = Debug|Any CPU
		{FE9AB250-E180-46B6-8695-E468139E8651}.Debug|x64.Build.0 = Debug|Any CPU
		{FE9AB250-E180-46B6-8695-E468139E8651}.Debug|x86.ActiveCfg = Debug|Any CPU
		{FE9AB250-E180-46B6-8695-E468139E8651}.Debug|x86.Build.0 = Debug|Any CPU
		{FE9AB250-E180-46B6-8695-E468139E8651}.Release|Any CPU.ActiveCfg = Release|Any CPU
		{FE9AB250-E180-46B6-8695-E468139E8651}.Release|Any CPU.Build.0 = Release|Any CPU
		{FE9AB250-E180-46B6-8695-E468139E8651}.Release|x64.ActiveCfg = Release|Any CPU
		{FE9AB250-E180-46B6-8695-E468139E8651}.Release|x64.Build.0 = Release|Any CPU
		{FE9AB250-E180-46B6-8695-E468139E8651}.Release|x86.ActiveCfg = Release|Any CPU
		{FE9AB250-E180-46B6-8695-E468139E8651}.Release|x86.Build.0 = Release|Any CPU
		{946341E1-C2C5-4BC9-94F8-F5AF97F5E37F}.Debug|Any CPU.ActiveCfg = Debug|Any CPU
		{946341E1-C2C5-4BC9-94F8-F5AF97F5E37F}.Debug|Any CPU.Build.0 = Debug|Any CPU
		{946341E1-C2C5-4BC9-94F8-F5AF97F5E37F}.Debug|x64.ActiveCfg = Debug|Any CPU
		{946341E1-C2C5-4BC9-94F8-F5AF97F5E37F}.Debug|x64.Build.0 = Debug|Any CPU
		{946341E1-C2C5-4BC9-94F8-F5AF97F5E37F}.Debug|x86.ActiveCfg = Debug|Any CPU
		{946341E1-C2C5-4BC9-94F8-F5AF97F5E37F}.Debug|x86.Build.0 = Debug|Any CPU
		{946341E1-C2C5-4BC9-94F8-F5AF97F5E37F}.Release|Any CPU.ActiveCfg = Release|Any CPU
		{946341E1-C2C5-4BC9-94F8-F5AF97F5E37F}.Release|Any CPU.Build.0 = Release|Any CPU
		{946341E1-C2C5-4BC9-94F8-F5AF97F5E37F}.Release|x64.ActiveCfg = Release|Any CPU
		{946341E1-C2C5-4BC9-94F8-F5AF97F5E37F}.Release|x64.Build.0 = Release|Any CPU
		{946341E1-C2C5-4BC9-94F8-F5AF97F5E37F}.Release|x86.ActiveCfg = Release|Any CPU
		{946341E1-C2C5-4BC9-94F8-F5AF97F5E37F}.Release|x86.Build.0 = Release|Any CPU
		{32205AFA-7448-4A30-B6C3-A9B0A93A931B}.Debug|Any CPU.ActiveCfg = Debug|Any CPU
		{32205AFA-7448-4A30-B6C3-A9B0A93A931B}.Debug|Any CPU.Build.0 = Debug|Any CPU
		{32205AFA-7448-4A30-B6C3-A9B0A93A931B}.Debug|x64.ActiveCfg = Debug|Any CPU
		{32205AFA-7448-4A30-B6C3-A9B0A93A931B}.Debug|x64.Build.0 = Debug|Any CPU
		{32205AFA-7448-4A30-B6C3-A9B0A93A931B}.Debug|x86.ActiveCfg = Debug|Any CPU
		{32205AFA-7448-4A30-B6C3-A9B0A93A931B}.Debug|x86.Build.0 = Debug|Any CPU
		{32205AFA-7448-4A30-B6C3-A9B0A93A931B}.Release|Any CPU.ActiveCfg = Release|Any CPU
		{32205AFA-7448-4A30-B6C3-A9B0A93A931B}.Release|Any CPU.Build.0 = Release|Any CPU
		{32205AFA-7448-4A30-B6C3-A9B0A93A931B}.Release|x64.ActiveCfg = Release|Any CPU
		{32205AFA-7448-4A30-B6C3-A9B0A93A931B}.Release|x64.Build.0 = Release|Any CPU
		{32205AFA-7448-4A30-B6C3-A9B0A93A931B}.Release|x86.ActiveCfg = Release|Any CPU
		{32205AFA-7448-4A30-B6C3-A9B0A93A931B}.Release|x86.Build.0 = Release|Any CPU
		{84B6C3BD-0FD9-433E-9342-F53811AA3612}.Debug|Any CPU.ActiveCfg = Debug|Any CPU
		{84B6C3BD-0FD9-433E-9342-F53811AA3612}.Debug|Any CPU.Build.0 = Debug|Any CPU
		{84B6C3BD-0FD9-433E-9342-F53811AA3612}.Debug|x64.ActiveCfg = Debug|Any CPU
		{84B6C3BD-0FD9-433E-9342-F53811AA3612}.Debug|x64.Build.0 = Debug|Any CPU
		{84B6C3BD-0FD9-433E-9342-F53811AA3612}.Debug|x86.ActiveCfg = Debug|Any CPU
		{84B6C3BD-0FD9-433E-9342-F53811AA3612}.Debug|x86.Build.0 = Debug|Any CPU
		{84B6C3BD-0FD9-433E-9342-F53811AA3612}.Release|Any CPU.ActiveCfg = Release|Any CPU
		{84B6C3BD-0FD9-433E-9342-F53811AA3612}.Release|Any CPU.Build.0 = Release|Any CPU
		{84B6C3BD-0FD9-433E-9342-F53811AA3612}.Release|x64.ActiveCfg = Release|Any CPU
		{84B6C3BD-0FD9-433E-9342-F53811AA3612}.Release|x64.Build.0 = Release|Any CPU
		{84B6C3BD-0FD9-433E-9342-F53811AA3612}.Release|x86.ActiveCfg = Release|Any CPU
		{84B6C3BD-0FD9-433E-9342-F53811AA3612}.Release|x86.Build.0 = Release|Any CPU
		{A5B6C7D8-E9F0-1234-5678-9ABCDEF01234}.Debug|Any CPU.ActiveCfg = Debug|Any CPU
		{A5B6C7D8-E9F0-1234-5678-9ABCDEF01234}.Debug|Any CPU.Build.0 = Debug|Any CPU
		{A5B6C7D8-E9F0-1234-5678-9ABCDEF01234}.Debug|x64.ActiveCfg = Debug|Any CPU
		{A5B6C7D8-E9F0-1234-5678-9ABCDEF01234}.Debug|x64.Build.0 = Debug|Any CPU
		{A5B6C7D8-E9F0-1234-5678-9ABCDEF01234}.Debug|x86.ActiveCfg = Debug|Any CPU
		{A5B6C7D8-E9F0-1234-5678-9ABCDEF01234}.Debug|x86.Build.0 = Debug|Any CPU
		{A5B6C7D8-E9F0-1234-5678-9ABCDEF01234}.Release|Any CPU.ActiveCfg = Release|Any CPU
		{A5B6C7D8-E9F0-1234-5678-9ABCDEF01234}.Release|Any CPU.Build.0 = Release|Any CPU
		{A5B6C7D8-E9F0-1234-5678-9ABCDEF01234}.Release|x64.ActiveCfg = Release|Any CPU
		{A5B6C7D8-E9F0-1234-5678-9ABCDEF01234}.Release|x64.Build.0 = Release|Any CPU
		{A5B6C7D8-E9F0-1234-5678-9ABCDEF01234}.Release|x86.ActiveCfg = Release|Any CPU
		{A5B6C7D8-E9F0-1234-5678-9ABCDEF01234}.Release|x86.Build.0 = Release|Any CPU
	EndGlobalSection
	GlobalSection(SolutionProperties) = preSolution
		HideSolutionNode = FALSE
	EndGlobalSection
	GlobalSection(NestedProjects) = preSolution
		{E7518DA6-C2F6-446C-8D1B-9F390CBA3335} = {827E0CD3-B72D-47B6-A68D-7590B98EB39B}
		{A1B2C3D4-E5F6-7890-ABCD-EF1234567890} = {827E0CD3-B72D-47B6-A68D-7590B98EB39B}
		{8448EFB8-74BD-465A-82F1-D19B7BAC9EC0} = {827E0CD3-B72D-47B6-A68D-7590B98EB39B}
		{FE9AB250-E180-46B6-8695-E468139E8651} = {827E0CD3-B72D-47B6-A68D-7590B98EB39B}
		{946341E1-C2C5-4BC9-94F8-F5AF97F5E37F} = {827E0CD3-B72D-47B6-A68D-7590B98EB39B}
		{32205AFA-7448-4A30-B6C3-A9B0A93A931B} = {827E0CD3-B72D-47B6-A68D-7590B98EB39B}
		{84B6C3BD-0FD9-433E-9342-F53811AA3612} = {827E0CD3-B72D-47B6-A68D-7590B98EB39B}
		{A5B6C7D8-E9F0-1234-5678-9ABCDEF01234} = {827E0CD3-B72D-47B6-A68D-7590B98EB39B}
	EndGlobalSection
	GlobalSection(ExtensibilityGlobals) = postSolution
		SolutionGuid = {F4F78945-D840-458A-B06D-53AE8C50F236}
	EndGlobalSection
EndGlobal
